
Microsoft Visual Studio Solution File, Format Version 12.00
Project("{FAE04EC0-301F-11D3-BF4B-00C04F79EFBC}") = "TodoList.WebApi", "TodoList.WebApi\TodoList.WebApi.csproj", "{91DCF0DF-FD08-41E8-A32D-65732639F094}"
EndProject
Project("{FAE04EC0-301F-11D3-BF4B-00C04F79EFBC}") = "TodoList.Domain", "TodoList.Domain\TodoList.Domain.csproj", "{6769A749-19F7-4396-A40E-616A0241D47C}"
EndProject
Project("{FAE04EC0-301F-11D3-BF4B-00C04F79EFBC}") = "TodoList.Application", "TodoList.Application\TodoList.Application.csproj", "{8EAAD58F-EE3F-47FD-9466-241708A38A37}"
EndProject
Global
	GlobalSection(SolutionConfigurationPlatforms) = preSolution
		Debug|Any CPU = Debug|Any CPU
		Release|Any CPU = Release|Any CPU
	EndGlobalSection
	GlobalSection(ProjectConfigurationPlatforms) = postSolution
		{91DCF0DF-FD08-41E8-A32D-65732639F094}.Debug|Any CPU.ActiveCfg = Debug|Any CPU
		{91DCF0DF-FD08-41E8-A32D-65732639F094}.Debug|Any CPU.Build.0 = Debug|Any CPU
		{91DCF0DF-FD08-41E8-A32D-65732639F094}.Release|Any CPU.ActiveCfg = Release|Any CPU
		{91DCF0DF-FD08-41E8-A32D-65732639F094}.Release|Any CPU.Build.0 = Release|Any CPU
		{6769A749-19F7-4396-A40E-616A0241D47C}.Debug|Any CPU.ActiveCfg = Debug|Any CPU
		{6769A749-19F7-4396-A40E-616A0241D47C}.Debug|Any CPU.Build.0 = Debug|Any CPU
		{6769A749-19F7-4396-A40E-616A0241D47C}.Release|Any CPU.ActiveCfg = Release|Any CPU
		{6769A749-19F7-4396-A40E-616A0241D47C}.Release|Any CPU.Build.0 = Release|Any CPU
		{8EAAD58F-EE3F-47FD-9466-241708A38A37}.Debug|Any CPU.ActiveCfg = Debug|Any CPU
		{8EAAD58F-EE3F-47FD-9466-241708A38A37}.Debug|Any CPU.Build.0 = Debug|Any CPU
		{8EAAD58F-EE3F-47FD-9466-241708A38A37}.Release|Any CPU.ActiveCfg = Release|Any CPU
		{8EAAD58F-EE3F-47FD-9466-241708A38A37}.Release|Any CPU.Build.0 = Release|Any CPU
	EndGlobalSection
EndGlobal
